{
  "name": "guigas-studio",
  "version": "0.0.0",
  "lockfileVersion": 3,
  "requires": true,
  "packages": {
    "": {
      "name": "guigas-studio",
      "version": "0.0.0",
      "workspaces": [
        "frontend",
        "remotion-kit",
        "runner"
      ],
      "engines": {
        "node": ">=22"
      }
    },
    "frontend": {
      "name": "@guigas/frontend",
      "version": "0.0.0"
    },
    "node_modules/@guigas/frontend": {
      "resolved": "frontend",
      "link": true
    },
    "node_modules/@guigas/remotion-kit": {
      "resolved": "remotion-kit",
      "link": true
    },
    "node_modules/@guigas/runner": {
      "resolved": "runner",
      "link": true
    },
    "remotion-kit": {
      "name": "@guigas/remotion-kit",
      "version": "0.0.0"
    },
    "runner": {
      "name": "@guigas/runner",
      "version": "0.0.0"
    }
  }
}
